
Microsoft Visual Studio Solution File, Format Version 12.00
# Visual Studio Version 17
VisualStudioVersion = 17.13.35825.156
MinimumVisualStudioVersion = 10.0.40219.1
Project("{FAE04EC0-301F-11D3-BF4B-00C04F79EFBC}") = "InvSis", "InvSis.csproj", "{FB5FDC49-4E28-40FC-86A9-31EC0EBE5E76}"
EndProject
Project("{FAE04EC0-301F-11D3-BF4B-00C04F79EFBC}") = "InventariosCore", "..\InventariosCore\InventariosCore.csproj", "{FB48323B-6D0D-44A1-B9E8-630203657A27}"
EndProject
Project("{FAE04EC0-301F-11D3-BF4B-00C04F79EFBC}") = "Inventarios_API", "..\Inventarios_API\Inventarios_API.csproj", "{CCA6E43C-BEE5-41F6-BF00-0A4D68548F2B}"
EndProject
Global
	GlobalSection(SolutionConfigurationPlatforms) = preSolution
		Debug|Any CPU = Debug|Any CPU
		Release|Any CPU = Release|Any CPU
	EndGlobalSection
	GlobalSection(ProjectConfigurationPlatforms) = postSolution
		{FB5FDC49-4E28-40FC-86A9-31EC0EBE5E76}.Debug|Any CPU.ActiveCfg = Debug|Any CPU
		{FB5FDC49-4E28-40FC-86A9-31EC0EBE5E76}.Debug|Any CPU.Build.0 = Debug|Any CPU
		{FB5FDC49-4E28-40FC-86A9-31EC0EBE5E76}.Release|Any CPU.ActiveCfg = Release|Any CPU
		{FB5FDC49-4E28-40FC-86A9-31EC0EBE5E76}.Release|Any CPU.Build.0 = Release|Any CPU
		{FB48323B-6D0D-44A1-B9E8-630203657A27}.Debug|Any CPU.ActiveCfg = Debug|Any CPU
		{FB48323B-6D0D-44A1-B9E8-630203657A27}.Debug|Any CPU.Build.0 = Debug|Any CPU
		{FB48323B-6D0D-44A1-B9E8-630203657A27}.Release|Any CPU.ActiveCfg = Release|Any CPU
		{FB48323B-6D0D-44A1-B9E8-630203657A27}.Release|Any CPU.Build.0 = Release|Any CPU
		{CCA6E43C-BEE5-41F6-BF00-0A4D68548F2B}.Debug|Any CPU.ActiveCfg = Debug|Any CPU
		{CCA6E43C-BEE5-41F6-BF00-0A4D68548F2B}.Debug|Any CPU.Build.0 = Debug|Any CPU
		{CCA6E43C-BEE5-41F6-BF00-0A4D68548F2B}.Release|Any CPU.ActiveCfg = Release|Any CPU
		{CCA6E43C-BEE5-41F6-BF00-0A4D68548F2B}.Release|Any CPU.Build.0 = Release|Any CPU
	EndGlobalSection
	GlobalSection(SolutionProperties) = preSolution
		HideSolutionNode = FALSE
	EndGlobalSection
	GlobalSection(ExtensibilityGlobals) = postSolution
		SolutionGuid = {B66FC4C7-ADB8-42F9-9CD7-7E42D0EDA8F2}
	EndGlobalSection
EndGlobal
